// !$*UTF8*$!
{
	archiveVersion = 1;
	classes = {
	};
	objectVersion = 55;
	objects = {

/* Begin PBXBuildFile section */
		7AEBBAF62746ADE40004955A /* AppDelegate.swift in Sources */ = {isa = PBXBuildFile; fileRef = 7AEBBAF52746ADE40004955A /* AppDelegate.swift */; };
		7AEBBAF82746ADE40004955A /* GameScene.sks in Resources */ = {isa = PBXBuildFile; fileRef = 7AEBBAF72746ADE40004955A /* GameScene.sks */; };
		7AEBBAFA2746ADE40004955A /* Actions.sks in Resources */ = {isa = PBXBuildFile; fileRef = 7AEBBAF92746ADE40004955A /* Actions.sks */; };
		7AEBBAFC2746ADE40004955A /* GameScene.swift in Sources */ = {isa = PBXBuildFile; fileRef = 7AEBBAFB2746ADE40004955A /* GameScene.swift */; };
		7AEBBAFE2746ADE40004955A /* GameViewController.swift in Sources */ = {isa = PBXBuildFile; fileRef = 7AEBBAFD2746ADE40004955A /* GameViewController.swift */; };
		7AEBBB012746ADE40004955A /* Main.storyboard in Resources */ = {isa = PBXBuildFile; fileRef = 7AEBBAFF2746ADE40004955A /* Main.storyboard */; };
		7AEBBB032746ADE50004955A /* Assets.xcassets in Resources */ = {isa = PBXBuildFile; fileRef = 7AEBBB022746ADE50004955A /* Assets.xcassets */; };
		7AEBBB062746ADE50004955A /* LaunchScreen.storyboard in Resources */ = {isa = PBXBuildFile; fileRef = 7AEBBB042746ADE50004955A /* LaunchScreen.storyboard */; };
		7AEBBB102746ADE50004955A /* Bearcat_NinjaTests.swift in Sources */ = {isa = PBXBuildFile; fileRef = 7AEBBB0F2746ADE50004955A /* Bearcat_NinjaTests.swift */; };
		7AEBBB1A2746ADE50004955A /* Bearcat_NinjaUITests.swift in Sources */ = {isa = PBXBuildFile; fileRef = 7AEBBB192746ADE50004955A /* Bearcat_NinjaUITests.swift */; };
		7AEBBB1C2746ADE50004955A /* Bearcat_NinjaUITestsLaunchTests.swift in Sources */ = {isa = PBXBuildFile; fileRef = 7AEBBB1B2746ADE50004955A /* Bearcat_NinjaUITestsLaunchTests.swift */; };
/* End PBXBuildFile section */

/* Begin PBXContainerItemProxy section */
		7AEBBB0C2746ADE50004955A /* PBXContainerItemProxy */ = {
			isa = PBXContainerItemProxy;
			containerPortal = 7AEBBAEA2746ADE40004955A /* Project object */;
			proxyType = 1;
			remoteGlobalIDString = 7AEBBAF12746ADE40004955A;
			remoteInfo = "Bearcat Ninja";
		};
		7AEBBB162746ADE50004955A /* PBXContainerItemProxy */ = {
			isa = PBXContainerItemProxy;
			containerPortal = 7AEBBAEA2746ADE40004955A /* Project object */;
			proxyType = 1;
			remoteGlobalIDString = 7AEBBAF12746ADE40004955A;
			remoteInfo = "Bearcat Ninja";
		};
/* End PBXContainerItemProxy section */

/* Begin PBXFileReference section */
		7AEBBAF22746ADE40004955A /* Bearcat Ninja.app */ = {isa = PBXFileReference; explicitFileType = wrapper.application; includeInIndex = 0; path = "Bearcat Ninja.app"; sourceTree = BUILT_PRODUCTS_DIR; };
		7AEBBAF52746ADE40004955A /* AppDelegate.swift */ = {isa = PBXFileReference; lastKnownFileType = sourcecode.swift; path = AppDelegate.swift; sourceTree = "<group>"; };
		7AEBBAF72746ADE40004955A /* GameScene.sks */ = {isa = PBXFileReference; lastKnownFileType = file.sks; path = GameScene.sks; sourceTree = "<group>"; };
		7AEBBAF92746ADE40004955A /* Actions.sks */ = {isa = PBXFileReference; lastKnownFileType = file.sks; path = Actions.sks; sourceTree = "<group>"; };
		7AEBBAFB2746ADE40004955A /* GameScene.swift */ = {isa = PBXFileReference; lastKnownFileType = sourcecode.swift; path = GameScene.swift; sourceTree = "<group>"; };
		7AEBBAFD2746ADE40004955A /* GameViewController.swift */ = {isa = PBXFileReference; lastKnownFileType = sourcecode.swift; path = GameViewController.swift; sourceTree = "<group>"; };
		7AEBBB002746ADE40004955A /* Base */ = {isa = PBXFileReference; lastKnownFileType = file.storyboard; name = Base; path = Base.lproj/Main.storyboard; sourceTree = "<group>"; };
		7AEBBB022746ADE50004955A /* Assets.xcassets */ = {isa = PBXFileReference; lastKnownFileType = folder.assetcatalog; path = Assets.xcassets; sourceTree = "<group>"; };
		7AEBBB052746ADE50004955A /* Base */ = {isa = PBXFileReference; lastKnownFileType = file.storyboard; name = Base; path = Base.lproj/LaunchScreen.storyboard; sourceTree = "<group>"; };
		7AEBBB0B2746ADE50004955A /* Bearcat NinjaTests.xctest */ = {isa = PBXFileReference; explicitFileType = wrapper.cfbundle; includeInIndex = 0; path = "Bearcat NinjaTests.xctest"; sourceTree = BUILT_PRODUCTS_DIR; };
		7AEBBB0F2746ADE50004955A /* Bearcat_NinjaTests.swift */ = {isa = PBXFileReference; lastKnownFileType = sourcecode.swift; path = Bearcat_NinjaTests.swift; sourceTree = "<group>"; };
		7AEBBB152746ADE50004955A /* Bearcat NinjaUITests.xctest */ = {isa = PBXFileReference; explicitFileType = wrapper.cfbundle; includeInIndex = 0; path = "Bearcat NinjaUITests.xctest"; sourceTree = BUILT_PRODUCTS_DIR; };
		7AEBBB192746ADE50004955A /* Bearcat_NinjaUITests.swift */ = {isa = PBXFileReference; lastKnownFileType = sourcecode.swift; path = Bearcat_NinjaUITests.swift; sourceTree = "<group>"; };
		7AEBBB1B2746ADE50004955A /* Bearcat_NinjaUITestsLaunchTests.swift */ = {isa = PBXFileReference; lastKnownFileType = sourcecode.swift; path = Bearcat_NinjaUITestsLaunchTests.swift; sourceTree = "<group>"; };
/* End PBXFileReference section */

/* Begin PBXFrameworksBuildPhase section */
		7AEBBAEF2746ADE40004955A /* Frameworks */ = {
			isa = PBXFrameworksBuildPhase;
			buildActionMask = 2147483647;
			files = (
			);
			runOnlyForDeploymentPostprocessing = 0;
		};
		7AEBBB082746ADE50004955A /* Frameworks */ = {
			isa = PBXFrameworksBuildPhase;
			buildActionMask = 2147483647;
			files = (
			);
			runOnlyForDeploymentPostprocessing = 0;
		};
		7AEBBB122746ADE50004955A /* Frameworks */ = {
			isa = PBXFrameworksBuildPhase;
			buildActionMask = 2147483647;
			files = (
			);
			runOnlyForDeploymentPostprocessing = 0;
		};
/* End PBXFrameworksBuildPhase section */

/* Begin PBXGroup section */
		7AEBBAE92746ADE40004955A = {
			isa = PBXGroup;
			children = (
				7AEBBAF42746ADE40004955A /* Bearcat Ninja */,
				7AEBBB0E2746ADE50004955A /* Bearcat NinjaTests */,
				7AEBBB182746ADE50004955A /* Bearcat NinjaUITests */,
				7AEBBAF32746ADE40004955A /* Products */,
			);
			sourceTree = "<group>";
		};
		7AEBBAF32746ADE40004955A /* Products */ = {
			isa = PBXGroup;
			children = (
				7AEBBAF22746ADE40004955A /* Bearcat Ninja.app */,
				7AEBBB0B2746ADE50004955A /* Bearcat NinjaTests.xctest */,
				7AEBBB152746ADE50004955A /* Bearcat NinjaUITests.xctest */,
			);
			name = Products;
			sourceTree = "<group>";
		};
		7AEBBAF42746ADE40004955A /* Bearcat Ninja */ = {
			isa = PBXGroup;
			children = (
				7AEBBAF52746ADE40004955A /* AppDelegate.swift */,
				7AEBBAF72746ADE40004955A /* GameScene.sks */,
				7AEBBAF92746ADE40004955A /* Actions.sks */,
				7AEBBAFB2746ADE40004955A /* GameScene.swift */,
				7AEBBAFD2746ADE40004955A /* GameViewController.swift */,
				7AEBBAFF2746ADE40004955A /* Main.storyboard */,
				7AEBBB022746ADE50004955A /* Assets.xcassets */,
				7AEBBB042746ADE50004955A /* LaunchScreen.storyboard */,
			);
			path = "Bearcat Ninja";
			sourceTree = "<group>";
		};
		7AEBBB0E2746ADE50004955A /* Bearcat NinjaTests */ = {
			isa = PBXGroup;
			children = (
				7AEBBB0F2746ADE50004955A /* Bearcat_NinjaTests.swift */,
			);
			path = "Bearcat NinjaTests";
			sourceTree = "<group>";
		};
		7AEBBB182746ADE50004955A /* Bearcat NinjaUITests */ = {
			isa = PBXGroup;
			children = (
				7AEBBB192746ADE50004955A /* Bearcat_NinjaUITests.swift */,
				7AEBBB1B2746ADE50004955A /* Bearcat_NinjaUITestsLaunchTests.swift */,
			);
			path = "Bearcat NinjaUITests";
			sourceTree = "<group>";
		};
/* End PBXGroup section */

/* Begin PBXNativeTarget section */
		7AEBBAF12746ADE40004955A /* Bearcat Ninja */ = {
			isa = PBXNativeTarget;
			buildConfigurationList = 7AEBBB1F2746ADE50004955A /* Build configuration list for PBXNativeTarget "Bearcat Ninja" */;
			buildPhases = (
				7AEBBAEE2746ADE40004955A /* Sources */,
				7AEBBAEF2746ADE40004955A /* Frameworks */,
				7AEBBAF02746ADE40004955A /* Resources */,
			);
			buildRules = (
			);
			dependencies = (
			);
			name = "Bearcat Ninja";
			productName = "Bearcat Ninja";
			productReference = 7AEBBAF22746ADE40004955A /* Bearcat Ninja.app */;
			productType = "com.apple.product-type.application";
		};
		7AEBBB0A2746ADE50004955A /* Bearcat NinjaTests */ = {
			isa = PBXNativeTarget;
			buildConfigurationList = 7AEBBB222746ADE50004955A /* Build configuration list for PBXNativeTarget "Bearcat NinjaTests" */;
			buildPhases = (
				7AEBBB072746ADE50004955A /* Sources */,
				7AEBBB082746ADE50004955A /* Frameworks */,
				7AEBBB092746ADE50004955A /* Resources */,
			);
			buildRules = (
			);
			dependencies = (
				7AEBBB0D2746ADE50004955A /* PBXTargetDependency */,
			);
			name = "Bearcat NinjaTests";
			productName = "Bearcat NinjaTests";
			productReference = 7AEBBB0B2746ADE50004955A /* Bearcat NinjaTests.xctest */;
			productType = "com.apple.product-type.bundle.unit-test";
		};
		7AEBBB142746ADE50004955A /* Bearcat NinjaUITests */ = {
			isa = PBXNativeTarget;
			buildConfigurationList = 7AEBBB252746ADE50004955A /* Build configuration list for PBXNativeTarget "Bearcat NinjaUITests" */;
			buildPhases = (
				7AEBBB112746ADE50004955A /* Sources */,
				7AEBBB122746ADE50004955A /* Frameworks */,
				7AEBBB132746ADE50004955A /* Resources */,
			);
			buildRules = (
			);
			dependencies = (
				7AEBBB172746ADE50004955A /* PBXTargetDependency */,
			);
			name = "Bearcat NinjaUITests";
			productName = "Bearcat NinjaUITests";
			productReference = 7AEBBB152746ADE50004955A /* Bearcat NinjaUITests.xctest */;
			productType = "com.apple.product-type.bundle.ui-testing";
		};
/* End PBXNativeTarget section */

/* Begin PBXProject section */
		7AEBBAEA2746ADE40004955A /* Project object */ = {
			isa = PBXProject;
			attributes = {
				BuildIndependentTargetsInParallel = 1;
				LastSwiftUpdateCheck = 1310;
				LastUpgradeCheck = 1310;
				TargetAttributes = {
					7AEBBAF12746ADE40004955A = {
						CreatedOnToolsVersion = 13.1;
					};
					7AEBBB0A2746ADE50004955A = {
						CreatedOnToolsVersion = 13.1;
						TestTargetID = 7AEBBAF12746ADE40004955A;
					};
					7AEBBB142746ADE50004955A = {
						CreatedOnToolsVersion = 13.1;
						TestTargetID = 7AEBBAF12746ADE40004955A;
					};
				};
			};
			buildConfigurationList = 7AEBBAED2746ADE40004955A /* Build configuration list for PBXProject "Bearcat Ninja" */;
			compatibilityVersion = "Xcode 13.0";
			developmentRegion = en;
			hasScannedForEncodings = 0;
			knownRegions = (
				en,
				Base,
			);
			mainGroup = 7AEBBAE92746ADE40004955A;
			productRefGroup = 7AEBBAF32746ADE40004955A /* Products */;
			projectDirPath = "";
			projectRoot = "";
			targets = (
				7AEBBAF12746ADE40004955A /* Bearcat Ninja */,
				7AEBBB0A2746ADE50004955A /* Bearcat NinjaTests */,
				7AEBBB142746ADE50004955A /* Bearcat NinjaUITests */,
			);
		};
/* End PBXProject section */

/* Begin PBXResourcesBuildPhase section */
		7AEBBAF02746ADE40004955A /* Resources */ = {
			isa = PBXResourcesBuildPhase;
			buildActionMask = 2147483647;
			files = (
				7AEBBB012746ADE40004955A /* Main.storyboard in Resources */,
				7AEBBAF82746ADE40004955A /* GameScene.sks in Resources */,
				7AEBBB032746ADE50004955A /* Assets.xcassets in Resources */,
				7AEBBB062746ADE50004955A /* LaunchScreen.storyboard in Resources */,
				7AEBBAFA2746ADE40004955A /* Actions.sks in Resources */,
			);
			runOnlyForDeploymentPostprocessing = 0;
		};
		7AEBBB092746ADE50004955A /* Resources */ = {
			isa = PBXResourcesBuildPhase;
			buildActionMask = 2147483647;
			files = (
			);
			runOnlyForDeploymentPostprocessing = 0;
		};
		7AEBBB132746ADE50004955A /* Resources */ = {
			isa = PBXResourcesBuildPhase;
			buildActionMask = 2147483647;
			files = (
			);
			runOnlyForDeploymentPostprocessing = 0;
		};
/* End PBXResourcesBuildPhase section */

/* Begin PBXSourcesBuildPhase section */
		7AEBBAEE2746ADE40004955A /* Sources */ = {
			isa = PBXSourcesBuildPhase;
			buildActionMask = 2147483647;
			files = (
				7AEBBAFC2746ADE40004955A /* GameScene.swift in Sources */,
				7AEBBAFE2746ADE40004955A /* GameViewController.swift in Sources */,
				7AEBBAF62746ADE40004955A /* AppDelegate.swift in Sources */,
			);
			runOnlyForDeploymentPostprocessing = 0;
		};
		7AEBBB072746ADE50004955A /* Sources */ = {
			isa = PBXSourcesBuildPhase;
			buildActionMask = 2147483647;
			files = (
				7AEBBB102746ADE50004955A /* Bearcat_NinjaTests.swift in Sources */,
			);
			runOnlyForDeploymentPostprocessing = 0;
		};
		7AEBBB112746ADE50004955A /* Sources */ = {
			isa = PBXSourcesBuildPhase;
			buildActionMask = 2147483647;
			files = (
				7AEBBB1C2746ADE50004955A /* Bearcat_NinjaUITestsLaunchTests.swift in Sources */,
				7AEBBB1A2746ADE50004955A /* Bearcat_NinjaUITests.swift in Sources */,
			);
			runOnlyForDeploymentPostprocessing = 0;
		};
/* End PBXSourcesBuildPhase section */

/* Begin PBXTargetDependency section */
		7AEBBB0D2746ADE50004955A /* PBXTargetDependency */ = {
			isa = PBXTargetDependency;
			target = 7AEBBAF12746ADE40004955A /* Bearcat Ninja */;
			targetProxy = 7AEBBB0C2746ADE50004955A /* PBXContainerItemProxy */;
		};
		7AEBBB172746ADE50004955A /* PBXTargetDependency */ = {
			isa = PBXTargetDependency;
			target = 7AEBBAF12746ADE40004955A /* Bearcat Ninja */;
			targetProxy = 7AEBBB162746ADE50004955A /* PBXContainerItemProxy */;
		};
/* End PBXTargetDependency section */

/* Begin PBXVariantGroup section */
		7AEBBAFF2746ADE40004955A /* Main.storyboard */ = {
			isa = PBXVariantGroup;
			children = (
				7AEBBB002746ADE40004955A /* Base */,
			);
			name = Main.storyboard;
			sourceTree = "<group>";
		};
		7AEBBB042746ADE50004955A /* LaunchScreen.storyboard */ = {
			isa = PBXVariantGroup;
			children = (
				7AEBBB052746ADE50004955A /* Base */,
			);
			name = LaunchScreen.storyboard;
			sourceTree = "<group>";
		};
/* End PBXVariantGroup section */

/* Begin XCBuildConfiguration section */
		7AEBBB1D2746ADE50004955A /* Debug */ = {
			isa = XCBuildConfiguration;
			buildSettings = {
				ALWAYS_SEARCH_USER_PATHS = NO;
				CLANG_ANALYZER_NONNULL = YES;
				CLANG_ANALYZER_NUMBER_OBJECT_CONVERSION = YES_AGGRESSIVE;
				CLANG_CXX_LANGUAGE_STANDARD = "gnu++17";
				CLANG_CXX_LIBRARY = "libc++";
				CLANG_ENABLE_MODULES = YES;
				CLANG_ENABLE_OBJC_ARC = YES;
				CLANG_ENABLE_OBJC_WEAK = YES;
				CLANG_WARN_BLOCK_CAPTURE_AUTORELEASING = YES;
				CLANG_WARN_BOOL_CONVERSION = YES;
				CLANG_WARN_COMMA = YES;
				CLANG_WARN_CONSTANT_CONVERSION = YES;
				CLANG_WARN_DEPRECATED_OBJC_IMPLEMENTATIONS = YES;
				CLANG_WARN_DIRECT_OBJC_ISA_USAGE = YES_ERROR;
				CLANG_WARN_DOCUMENTATION_COMMENTS = YES;
				CLANG_WARN_EMPTY_BODY = YES;
				CLANG_WARN_ENUM_CONVERSION = YES;
				CLANG_WARN_INFINITE_RECURSION = YES;
				CLANG_WARN_INT_CONVERSION = YES;
				CLANG_WARN_NON_LITERAL_NULL_CONVERSION = YES;
				CLANG_WARN_OBJC_IMPLICIT_RETAIN_SELF = YES;
				CLANG_WARN_OBJC_LITERAL_CONVERSION = YES;
				CLANG_WARN_OBJC_ROOT_CLASS = YES_ERROR;
				CLANG_WARN_QUOTED_INCLUDE_IN_FRAMEWORK_HEADER = YES;
				CLANG_WARN_RANGE_LOOP_ANALYSIS = YES;
				CLANG_WARN_STRICT_PROTOTYPES = YES;
				CLANG_WARN_SUSPICIOUS_MOVE = YES;
				CLANG_WARN_UNGUARDED_AVAILABILITY = YES_AGGRESSIVE;
				CLANG_WARN_UNREACHABLE_CODE = YES;
				CLANG_WARN__DUPLICATE_METHOD_MATCH = YES;
				COPY_PHASE_STRIP = NO;
				DEBUG_INFORMATION_FORMAT = dwarf;
				ENABLE_STRICT_OBJC_MSGSEND = YES;
				ENABLE_TESTABILITY = YES;
				GCC_C_LANGUAGE_STANDARD = gnu11;
				GCC_DYNAMIC_NO_PIC = NO;
				GCC_NO_COMMON_BLOCKS = YES;
				GCC_OPTIMIZATION_LEVEL = 0;
				GCC_PREPROCESSOR_DEFINITIONS = (
					"DEBUG=1",
					"$(inherited)",
				);
				GCC_WARN_64_TO_32_BIT_CONVERSION = YES;
				GCC_WARN_ABOUT_RETURN_TYPE = YES_ERROR;
				GCC_WARN_UNDECLARED_SELECTOR = YES;
				GCC_WARN_UNINITIALIZED_AUTOS = YES_AGGRESSIVE;
				GCC_WARN_UNUSED_FUNCTION = YES;
				GCC_WARN_UNUSED_VARIABLE = YES;
				IPHONEOS_DEPLOYMENT_TARGET = 15.0;
				MTL_ENABLE_DEBUG_INFO = INCLUDE_SOURCE;
				MTL_FAST_MATH = YES;
				ONLY_ACTIVE_ARCH = YES;
				SDKROOT = iphoneos;
				SWIFT_ACTIVE_COMPILATION_CONDITIONS = DEBUG;
				SWIFT_OPTIMIZATION_LEVEL = "-Onone";
			};
			name = Debug;
		};
		7AEBBB1E2746ADE50004955A /* Release */ = {
			isa = XCBuildConfiguration;
			buildSettings = {
				ALWAYS_SEARCH_USER_PATHS = NO;
				CLANG_ANALYZER_NONNULL = YES;
				CLANG_ANALYZER_NUMBER_OBJECT_CONVERSION = YES_AGGRESSIVE;
				CLANG_CXX_LANGUAGE_STANDARD = "gnu++17";
				CLANG_CXX_LIBRARY = "libc++";
				CLANG_ENABLE_MODULES = YES;
				CLANG_ENABLE_OBJC_ARC = YES;
				CLANG_ENABLE_OBJC_WEAK = YES;
				CLANG_WARN_BLOCK_CAPTURE_AUTORELEASING = YES;
				CLANG_WARN_BOOL_CONVERSION = YES;
				CLANG_WARN_COMMA = YES;
				CLANG_WARN_CONSTANT_CONVERSION = YES;
				CLANG_WARN_DEPRECATED_OBJC_IMPLEMENTATIONS = YES;
				CLANG_WARN_DIRECT_OBJC_ISA_USAGE = YES_ERROR;
				CLANG_WARN_DOCUMENTATION_COMMENTS = YES;
				CLANG_WARN_EMPTY_BODY = YES;
				CLANG_WARN_ENUM_CONVERSION = YES;
				CLANG_WARN_INFINITE_RECURSION = YES;
				CLANG_WARN_INT_CONVERSION = YES;
				CLANG_WARN_NON_LITERAL_NULL_CONVERSION = YES;
				CLANG_WARN_OBJC_IMPLICIT_RETAIN_SELF = YES;
				CLANG_WARN_OBJC_LITERAL_CONVERSION = YES;
				CLANG_WARN_OBJC_ROOT_CLASS = YES_ERROR;
				CLANG_WARN_QUOTED_INCLUDE_IN_FRAMEWORK_HEADER = YES;
				CLANG_WARN_RANGE_LOOP_ANALYSIS = YES;
				CLANG_WARN_STRICT_PROTOTYPES = YES;
				CLANG_WARN_SUSPICIOUS_MOVE = YES;
				CLANG_WARN_UNGUARDED_AVAILABILITY = YES_AGGRESSIVE;
				CLANG_WARN_UNREACHABLE_CODE = YES;
				CLANG_WARN__DUPLICATE_METHOD_MATCH = YES;
				COPY_PHASE_STRIP = NO;
				DEBUG_INFORMATION_FORMAT = "dwarf-with-dsym";
				ENABLE_NS_ASSERTIONS = NO;
				ENABLE_STRICT_OBJC_MSGSEND = YES;
				GCC_C_LANGUAGE_STANDARD = gnu11;
				GCC_NO_COMMON_BLOCKS = YES;
				GCC_WARN_64_TO_32_BIT_CONVERSION = YES;
				GCC_WARN_ABOUT_RETURN_TYPE = YES_ERROR;
				GCC_WARN_UNDECLARED_SELECTOR = YES;
				GCC_WARN_UNINITIALIZED_AUTOS = YES_AGGRESSIVE;
				GCC_WARN_UNUSED_FUNCTION = YES;
				GCC_WARN_UNUSED_VARIABLE = YES;
				IPHONEOS_DEPLOYMENT_TARGET = 15.0;
				MTL_ENABLE_DEBUG_INFO = NO;
				MTL_FAST_MATH = YES;
				SDKROOT = iphoneos;
				SWIFT_COMPILATION_MODE = wholemodule;
				SWIFT_OPTIMIZATION_LEVEL = "-O";
				VALIDATE_PRODUCT = YES;
			};
			name = Release;
		};
		7AEBBB202746ADE50004955A /* Debug */ = {
			isa = XCBuildConfiguration;
			buildSettings = {
				ASSETCATALOG_COMPILER_APPICON_NAME = AppIcon;
				ASSETCATALOG_COMPILER_GLOBAL_ACCENT_COLOR_NAME = AccentColor;
				CODE_SIGN_STYLE = Automatic;
				CURRENT_PROJECT_VERSION = 1;
				DEVELOPMENT_TEAM = 9S5A53N67F;
				GENERATE_INFOPLIST_FILE = YES;
				INFOPLIST_KEY_UIApplicationSupportsIndirectInputEvents = YES;
				INFOPLIST_KEY_UILaunchStoryboardName = LaunchScreen;
				INFOPLIST_KEY_UIMainStoryboardFile = Main;
				INFOPLIST_KEY_UIStatusBarHidden = YES;
				INFOPLIST_KEY_UISupportedInterfaceOrientations_iPad = "UIInterfaceOrientationPortrait UIInterfaceOrientationPortraitUpsideDown UIInterfaceOrientationLandscapeLeft UIInterfaceOrientationLandscapeRight";
				INFOPLIST_KEY_UISupportedInterfaceOrientations_iPhone = "UIInterfaceOrientationPortrait UIInterfaceOrientationLandscapeLeft UIInterfaceOrientationLandscapeRight";
				LD_RUNPATH_SEARCH_PATHS = (
					"$(inherited)",
					"@executable_path/Frameworks",
				);
				MARKETING_VERSION = 1.0;
				PRODUCT_BUNDLE_IDENTIFIER = "com.berkcohadar.Bearcat-Ninja";
				PRODUCT_NAME = "$(TARGET_NAME)";
				SWIFT_EMIT_LOC_STRINGS = YES;
				SWIFT_VERSION = 5.0;
				TARGETED_DEVICE_FAMILY = "1,2";
			};
			name = Debug;
		};
		7AEBBB212746ADE50004955A /* Release */ = {
			isa = XCBuildConfiguration;
			buildSettings = {
				ASSETCATALOG_COMPILER_APPICON_NAME = AppIcon;
				ASSETCATALOG_COMPILER_GLOBAL_ACCENT_COLOR_NAME = AccentColor;
				CODE_SIGN_STYLE = Automatic;
				CURRENT_PROJECT_VERSION = 1;
				DEVELOPMENT_TEAM = 9S5A53N67F;
				GENERATE_INFOPLIST_FILE = YES;
				INFOPLIST_KEY_UIApplicationSupportsIndirectInputEvents = YES;
				INFOPLIST_KEY_UILaunchStoryboardName = LaunchScreen;
				INFOPLIST_KEY_UIMainStoryboardFile = Main;
				INFOPLIST_KEY_UIStatusBarHidden = YES;
				INFOPLIST_KEY_UISupportedInterfaceOrientations_iPad = "UIInterfaceOrientationPortrait UIInterfaceOrientationPortraitUpsideDown UIInterfaceOrientationLandscapeLeft UIInterfaceOrientationLandscapeRight";
				INFOPLIST_KEY_UISupportedInterfaceOrientations_iPhone = "UIInterfaceOrientationPortrait UIInterfaceOrientationLandscapeLeft UIInterfaceOrientationLandscapeRight";
				LD_RUNPATH_SEARCH_PATHS = (
					"$(inherited)",
					"@executable_path/Frameworks",
				);
				MARKETING_VERSION = 1.0;
				PRODUCT_BUNDLE_IDENTIFIER = "com.berkcohadar.Bearcat-Ninja";
				PRODUCT_NAME = "$(TARGET_NAME)";
				SWIFT_EMIT_LOC_STRINGS = YES;
				SWIFT_VERSION = 5.0;
				TARGETED_DEVICE_FAMILY = "1,2";
			};
			name = Release;
		};
		7AEBBB232746ADE50004955A /* Debug */ = {
			isa = XCBuildConfiguration;
			buildSettings = {
				ALWAYS_EMBED_SWIFT_STANDARD_LIBRARIES = YES;
				BUNDLE_LOADER = "$(TEST_HOST)";
				CODE_SIGN_STYLE = Automatic;
				CURRENT_PROJECT_VERSION = 1;
				DEVELOPMENT_TEAM = 9S5A53N67F;
				GENERATE_INFOPLIST_FILE = YES;
				IPHONEOS_DEPLOYMENT_TARGET = 15.0;
				LD_RUNPATH_SEARCH_PATHS = (
					"$(inherited)",
					"@executable_path/Frameworks",
					"@loader_path/Frameworks",
				);
				MARKETING_VERSION = 1.0;
				PRODUCT_BUNDLE_IDENTIFIER = "com.berkcohadar.Bearcat-NinjaTests";
				PRODUCT_NAME = "$(TARGET_NAME)";
				SWIFT_EMIT_LOC_STRINGS = NO;
				SWIFT_VERSION = 5.0;
				TARGETED_DEVICE_FAMILY = "1,2";
				TEST_HOST = "$(BUILT_PRODUCTS_DIR)/Bearcat Ninja.app/Bearcat Ninja";
			};
			name = Debug;
		};
		7AEBBB242746ADE50004955A /* Release */ = {
			isa = XCBuildConfiguration;
			buildSettings = {
				ALWAYS_EMBED_SWIFT_STANDARD_LIBRARIES = YES;
				BUNDLE_LOADER = "$(TEST_HOST)";
				CODE_SIGN_STYLE = Automatic;
				CURRENT_PROJECT_VERSION = 1;
				DEVELOPMENT_TEAM = 9S5A53N67F;
				GENERATE_INFOPLIST_FILE = YES;
				IPHONEOS_DEPLOYMENT_TARGET = 15.0;
				LD_RUNPATH_SEARCH_PATHS = (
					"$(inherited)",
					"@executable_path/Frameworks",
					"@loader_path/Frameworks",
				);
				MARKETING_VERSION = 1.0;
				PRODUCT_BUNDLE_IDENTIFIER = "com.berkcohadar.Bearcat-NinjaTests";
				PRODUCT_NAME = "$(TARGET_NAME)";
				SWIFT_EMIT_LOC_STRINGS = NO;
				SWIFT_VERSION = 5.0;
				TARGETED_DEVICE_FAMILY = "1,2";
				TEST_HOST = "$(BUILT_PRODUCTS_DIR)/Bearcat Ninja.app/Bearcat Ninja";
			};
			name = Release;
		};
		7AEBBB262746ADE50004955A /* Debug */ = {
			isa = XCBuildConfiguration;
			buildSettings = {
				ALWAYS_EMBED_SWIFT_STANDARD_LIBRARIES = YES;
				CODE_SIGN_STYLE = Automatic;
				CURRENT_PROJECT_VERSION = 1;
				DEVELOPMENT_TEAM = 9S5A53N67F;
				GENERATE_INFOPLIST_FILE = YES;
				LD_RUNPATH_SEARCH_PATHS = (
					"$(inherited)",
					"@executable_path/Frameworks",
					"@loader_path/Frameworks",
				);
				MARKETING_VERSION = 1.0;
				PRODUCT_BUNDLE_IDENTIFIER = "com.berkcohadar.Bearcat-NinjaUITests";
				PRODUCT_NAME = "$(TARGET_NAME)";
				SWIFT_EMIT_LOC_STRINGS = NO;
				SWIFT_VERSION = 5.0;
				TARGETED_DEVICE_FAMILY = "1,2";
				TEST_TARGET_NAME = "Bearcat Ninja";
			};
			name = Debug;
		};
		7AEBBB272746ADE50004955A /* Release */ = {
			isa = XCBuildConfiguration;
			buildSettings = {
				ALWAYS_EMBED_SWIFT_STANDARD_LIBRARIES = YES;
				CODE_SIGN_STYLE = Automatic;
				CURRENT_PROJECT_VERSION = 1;
				DEVELOPMENT_TEAM = 9S5A53N67F;
				GENERATE_INFOPLIST_FILE = YES;
				LD_RUNPATH_SEARCH_PATHS = (
					"$(inherited)",
					"@executable_path/Frameworks",
					"@loader_path/Frameworks",
				);
				MARKETING_VERSION = 1.0;
				PRODUCT_BUNDLE_IDENTIFIER = "com.berkcohadar.Bearcat-NinjaUITests";
				PRODUCT_NAME = "$(TARGET_NAME)";
				SWIFT_EMIT_LOC_STRINGS = NO;
				SWIFT_VERSION = 5.0;
				TARGETED_DEVICE_FAMILY = "1,2";
				TEST_TARGET_NAME = "Bearcat Ninja";
			};
			name = Release;
		};
/* End XCBuildConfiguration section */

/* Begin XCConfigurationList section */
		7AEBBAED2746ADE40004955A /* Build configuration list for PBXProject "Bearcat Ninja" */ = {
			isa = XCConfigurationList;
			buildConfigurations = (
				7AEBBB1D2746ADE50004955A /* Debug */,
				7AEBBB1E2746ADE50004955A /* Release */,
			);
			defaultConfigurationIsVisible = 0;
			defaultConfigurationName = Release;
		};
		7AEBBB1F2746ADE50004955A /* Build configuration list for PBXNativeTarget "Bearcat Ninja" */ = {
			isa = XCConfigurationList;
			buildConfigurations = (
				7AEBBB202746ADE50004955A /* Debug */,
				7AEBBB212746ADE50004955A /* Release */,
			);
			defaultConfigurationIsVisible = 0;
			defaultConfigurationName = Release;
		};
		7AEBBB222746ADE50004955A /* Build configuration list for PBXNativeTarget "Bearcat NinjaTests" */ = {
			isa = XCConfigurationList;
			buildConfigurations = (
				7AEBBB232746ADE50004955A /* Debug */,
				7AEBBB242746ADE50004955A /* Release */,
			);
			defaultConfigurationIsVisible = 0;
			defaultConfigurationName = Release;
		};
		7AEBBB252746ADE50004955A /* Build configuration list for PBXNativeTarget "Bearcat NinjaUITests" */ = {
			isa = XCConfigurationList;
			buildConfigurations = (
				7AEBBB262746ADE50004955A /* Debug */,
				7AEBBB272746ADE50004955A /* Release */,
			);
			defaultConfigurationIsVisible = 0;
			defaultConfigurationName = Release;
		};
/* End XCConfigurationList section */
	};
	rootObject = 7AEBBAEA2746ADE40004955A /* Project object */;
}
